
Microsoft Visual Studio Solution File, Format Version 12.00
# Visual Studio Version 17
VisualStudioVersion = 17.5.002.0
MinimumVisualStudioVersion = 10.0.40219.1
Project("{9A19103F-16F7-4668-BE54-9A1E7A4F7556}") = "backend", "backend\backend.csproj", "{FDB1D822-E9A9-4194-88C8-E416ACF22948}"
EndProject
Global
	GlobalSection(SolutionConfigurationPlatforms) = preSolution
		Debug|Any CPU = Debug|Any CPU
		Release|Any CPU = Release|Any CPU
	EndGlobalSection
	GlobalSection(ProjectConfigurationPlatforms) = postSolution
		{FDB1D822-E9A9-4194-88C8-E416ACF22948}.Debug|Any CPU.ActiveCfg = Debug|Any CPU
		{FDB1D822-E9A9-4194-88C8-E416ACF22948}.Debug|Any CPU.Build.0 = Debug|Any CPU
		{FDB1D822-E9A9-4194-88C8-E416ACF22948}.Release|Any CPU.ActiveCfg = Release|Any CPU
		{FDB1D822-E9A9-4194-88C8-E416ACF22948}.Release|Any CPU.Build.0 = Release|Any CPU
	EndGlobalSection
	GlobalSection(SolutionProperties) = preSolution
		HideSolutionNode = FALSE
	EndGlobalSection
	GlobalSection(ExtensibilityGlobals) = postSolution
		SolutionGuid = {C31CEE72-8C53-4E12-9E31-4085505A7B48}
	EndGlobalSection
EndGlobal
